// !$*UTF8*$!
{
	archiveVersion = 1;
	classes = {
	};
	objectVersion = 77;
	objects = {

/* Begin PBXContainerItemProxy section */
		64FCF2312D6FBEA800D3751A /* PBXContainerItemProxy */ = {
			isa = PBXContainerItemProxy;
			containerPortal = 64FCF2182D6FBEA700D3751A /* Project object */;
			proxyType = 1;
			remoteGlobalIDString = 64FCF21F2D6FBEA700D3751A;
			remoteInfo = Riza;
		};
		64FCF23B2D6FBEA800D3751A /* PBXContainerItemProxy */ = {
			isa = PBXContainerItemProxy;
			containerPortal = 64FCF2182D6FBEA700D3751A /* Project object */;
			proxyType = 1;
			remoteGlobalIDString = 64FCF21F2D6FBEA700D3751A;
			remoteInfo = Riza;
		};
/* End PBXContainerItemProxy section */

/* Begin PBXFileReference section */
		64FCF2202D6FBEA700D3751A /* Riza.app */ = {isa = PBXFileReference; explicitFileType = wrapper.application; includeInIndex = 0; path = Riza.app; sourceTree = BUILT_PRODUCTS_DIR; };
		64FCF2302D6FBEA800D3751A /* RizaTests.xctest */ = {isa = PBXFileReference; explicitFileType = wrapper.cfbundle; includeInIndex = 0; path = RizaTests.xctest; sourceTree = BUILT_PRODUCTS_DIR; };
		64FCF23A2D6FBEA800D3751A /* RizaUITests.xctest */ = {isa = PBXFileReference; explicitFileType = wrapper.cfbundle; includeInIndex = 0; path = RizaUITests.xctest; sourceTree = BUILT_PRODUCTS_DIR; };
/* End PBXFileReference section */

/* Begin PBXFileSystemSynchronizedRootGroup section */
		64FCF2222D6FBEA700D3751A /* Riza */ = {
			isa = PBXFileSystemSynchronizedRootGroup;
			path = Riza;
			sourceTree = "<group>";
		};
		64FCF2332D6FBEA800D3751A /* RizaTests */ = {
			isa = PBXFileSystemSynchronizedRootGroup;
			path = RizaTests;
			sourceTree = "<group>";
		};
		64FCF23D2D6FBEA800D3751A /* RizaUITests */ = {
			isa = PBXFileSystemSynchronizedRootGroup;
			path = RizaUITests;
			sourceTree = "<group>";
		};
/* End PBXFileSystemSynchronizedRootGroup section */

/* Begin PBXFrameworksBuildPhase section */
		64FCF21D2D6FBEA700D3751A /* Frameworks */ = {
			isa = PBXFrameworksBuildPhase;
			buildActionMask = 2147483647;
			files = (
			);
			runOnlyForDeploymentPostprocessing = 0;
		};
		64FCF22D2D6FBEA800D3751A /* Frameworks */ = {
			isa = PBXFrameworksBuildPhase;
			buildActionMask = 2147483647;
			files = (
			);
			runOnlyForDeploymentPostprocessing = 0;
		};
		64FCF2372D6FBEA800D3751A /* Frameworks */ = {
			isa = PBXFrameworksBuildPhase;
			buildActionMask = 2147483647;
			files = (
			);
			runOnlyForDeploymentPostprocessing = 0;
		};
/* End PBXFrameworksBuildPhase section */

/* Begin PBXGroup section */
		64FCF2172D6FBEA700D3751A = {
			isa = PBXGroup;
			children = (
				64FCF2222D6FBEA700D3751A /* Riza */,
				64FCF2332D6FBEA800D3751A /* RizaTests */,
				64FCF23D2D6FBEA800D3751A /* RizaUITests */,
				64FCF2212D6FBEA700D3751A /* Products */,
			);
			sourceTree = "<group>";
		};
		64FCF2212D6FBEA700D3751A /* Products */ = {
			isa = PBXGroup;
			children = (
				64FCF2202D6FBEA700D3751A /* Riza.app */,
				64FCF2302D6FBEA800D3751A /* RizaTests.xctest */,
				64FCF23A2D6FBEA800D3751A /* RizaUITests.xctest */,
			);
			name = Products;
			sourceTree = "<group>";
		};
/* End PBXGroup section */

/* Begin PBXNativeTarget section */
		64FCF21F2D6FBEA700D3751A /* Riza */ = {
			isa = PBXNativeTarget;
			buildConfigurationList = 64FCF2442D6FBEA800D3751A /* Build configuration list for PBXNativeTarget "Riza" */;
			buildPhases = (
				64FCF21C2D6FBEA700D3751A /* Sources */,
				64FCF21D2D6FBEA700D3751A /* Frameworks */,
				64FCF21E2D6FBEA700D3751A /* Resources */,
			);
			buildRules = (
			);
			dependencies = (
			);
			fileSystemSynchronizedGroups = (
				64FCF2222D6FBEA700D3751A /* Riza */,
			);
			name = Riza;
			packageProductDependencies = (
			);
			productName = Riza;
			productReference = 64FCF2202D6FBEA700D3751A /* Riza.app */;
			productType = "com.apple.product-type.application";
		};
		64FCF22F2D6FBEA800D3751A /* RizaTests */ = {
			isa = PBXNativeTarget;
			buildConfigurationList = 64FCF2472D6FBEA800D3751A /* Build configuration list for PBXNativeTarget "RizaTests" */;
			buildPhases = (
				64FCF22C2D6FBEA800D3751A /* Sources */,
				64FCF22D2D6FBEA800D3751A /* Frameworks */,
				64FCF22E2D6FBEA800D3751A /* Resources */,
			);
			buildRules = (
			);
			dependencies = (
				64FCF2322D6FBEA800D3751A /* PBXTargetDependency */,
			);
			fileSystemSynchronizedGroups = (
				64FCF2332D6FBEA800D3751A /* RizaTests */,
			);
			name = RizaTests;
			packageProductDependencies = (
			);
			productName = RizaTests;
			productReference = 64FCF2302D6FBEA800D3751A /* RizaTests.xctest */;
			productType = "com.apple.product-type.bundle.unit-test";
		};
		64FCF2392D6FBEA800D3751A /* RizaUITests */ = {
			isa = PBXNativeTarget;
			buildConfigurationList = 64FCF24A2D6FBEA800D3751A /* Build configuration list for PBXNativeTarget "RizaUITests" */;
			buildPhases = (
				64FCF2362D6FBEA800D3751A /* Sources */,
				64FCF2372D6FBEA800D3751A /* Frameworks */,
				64FCF2382D6FBEA800D3751A /* Resources */,
			);
			buildRules = (
			);
			dependencies = (
				64FCF23C2D6FBEA800D3751A /* PBXTargetDependency */,
			);
			fileSystemSynchronizedGroups = (
				64FCF23D2D6FBEA800D3751A /* RizaUITests */,
			);
			name = RizaUITests;
			packageProductDependencies = (
			);
			productName = RizaUITests;
			productReference = 64FCF23A2D6FBEA800D3751A /* RizaUITests.xctest */;
			productType = "com.apple.product-type.bundle.ui-testing";
		};
/* End PBXNativeTarget section */

/* Begin PBXProject section */
		64FCF2182D6FBEA700D3751A /* Project object */ = {
			isa = PBXProject;
			attributes = {
				BuildIndependentTargetsInParallel = 1;
				LastSwiftUpdateCheck = 1620;
				LastUpgradeCheck = 1620;
				TargetAttributes = {
					64FCF21F2D6FBEA700D3751A = {
						CreatedOnToolsVersion = 16.2;
					};
					64FCF22F2D6FBEA800D3751A = {
						CreatedOnToolsVersion = 16.2;
						TestTargetID = 64FCF21F2D6FBEA700D3751A;
					};
					64FCF2392D6FBEA800D3751A = {
						CreatedOnToolsVersion = 16.2;
						TestTargetID = 64FCF21F2D6FBEA700D3751A;
					};
				};
			};
			buildConfigurationList = 64FCF21B2D6FBEA700D3751A /* Build configuration list for PBXProject "Riza" */;
			developmentRegion = en;
			hasScannedForEncodings = 0;
			knownRegions = (
				en,
				Base,
			);
			mainGroup = 64FCF2172D6FBEA700D3751A;
			minimizedProjectReferenceProxies = 1;
			preferredProjectObjectVersion = 77;
			productRefGroup = 64FCF2212D6FBEA700D3751A /* Products */;
			projectDirPath = "";
			projectRoot = "";
			targets = (
				64FCF21F2D6FBEA700D3751A /* Riza */,
				64FCF22F2D6FBEA800D3751A /* RizaTests */,
				64FCF2392D6FBEA800D3751A /* RizaUITests */,
			);
		};
/* End PBXProject section */

/* Begin PBXResourcesBuildPhase section */
		64FCF21E2D6FBEA700D3751A /* Resources */ = {
			isa = PBXResourcesBuildPhase;
			buildActionMask = 2147483647;
			files = (
			);
			runOnlyForDeploymentPostprocessing = 0;
		};
		64FCF22E2D6FBEA800D3751A /* Resources */ = {
			isa = PBXResourcesBuildPhase;
			buildActionMask = 2147483647;
			files = (
			);
			runOnlyForDeploymentPostprocessing = 0;
		};
		64FCF2382D6FBEA800D3751A /* Resources */ = {
			isa = PBXResourcesBuildPhase;
			buildActionMask = 2147483647;
			files = (
			);
			runOnlyForDeploymentPostprocessing = 0;
		};
/* End PBXResourcesBuildPhase section */

/* Begin PBXSourcesBuildPhase section */
		64FCF21C2D6FBEA700D3751A /* Sources */ = {
			isa = PBXSourcesBuildPhase;
			buildActionMask = 2147483647;
			files = (
			);
			runOnlyForDeploymentPostprocessing = 0;
		};
		64FCF22C2D6FBEA800D3751A /* Sources */ = {
			isa = PBXSourcesBuildPhase;
			buildActionMask = 2147483647;
			files = (
			);
			runOnlyForDeploymentPostprocessing = 0;
		};
		64FCF2362D6FBEA800D3751A /* Sources */ = {
			isa = PBXSourcesBuildPhase;
			buildActionMask = 2147483647;
			files = (
			);
			runOnlyForDeploymentPostprocessing = 0;
		};
/* End PBXSourcesBuildPhase section */

/* Begin PBXTargetDependency section */
		64FCF2322D6FBEA800D3751A /* PBXTargetDependency */ = {
			isa = PBXTargetDependency;
			target = 64FCF21F2D6FBEA700D3751A /* Riza */;
			targetProxy = 64FCF2312D6FBEA800D3751A /* PBXContainerItemProxy */;
		};
		64FCF23C2D6FBEA800D3751A /* PBXTargetDependency */ = {
			isa = PBXTargetDependency;
			target = 64FCF21F2D6FBEA700D3751A /* Riza */;
			targetProxy = 64FCF23B2D6FBEA800D3751A /* PBXContainerItemProxy */;
		};
/* End PBXTargetDependency section */

/* Begin XCBuildConfiguration section */
		64FCF2422D6FBEA800D3751A /* Debug */ = {
			isa = XCBuildConfiguration;
			buildSettings = {
				ALWAYS_SEARCH_USER_PATHS = NO;
				ASSETCATALOG_COMPILER_GENERATE_SWIFT_ASSET_SYMBOL_EXTENSIONS = YES;
				CLANG_ANALYZER_NONNULL = YES;
				CLANG_ANALYZER_NUMBER_OBJECT_CONVERSION = YES_AGGRESSIVE;
				CLANG_CXX_LANGUAGE_STANDARD = "gnu++20";
				CLANG_ENABLE_MODULES = YES;
				CLANG_ENABLE_OBJC_ARC = YES;
				CLANG_ENABLE_OBJC_WEAK = YES;
				CLANG_WARN_BLOCK_CAPTURE_AUTORELEASING = YES;
				CLANG_WARN_BOOL_CONVERSION = YES;
				CLANG_WARN_COMMA = YES;
				CLANG_WARN_CONSTANT_CONVERSION = YES;
				CLANG_WARN_DEPRECATED_OBJC_IMPLEMENTATIONS = YES;
				CLANG_WARN_DIRECT_OBJC_ISA_USAGE = YES_ERROR;
				CLANG_WARN_DOCUMENTATION_COMMENTS = YES;
				CLANG_WARN_EMPTY_BODY = YES;
				CLANG_WARN_ENUM_CONVERSION = YES;
				CLANG_WARN_INFINITE_RECURSION = YES;
				CLANG_WARN_INT_CONVERSION = YES;
				CLANG_WARN_NON_LITERAL_NULL_CONVERSION = YES;
				CLANG_WARN_OBJC_IMPLICIT_RETAIN_SELF = YES;
				CLANG_WARN_OBJC_LITERAL_CONVERSION = YES;
				CLANG_WARN_OBJC_ROOT_CLASS = YES_ERROR;
				CLANG_WARN_QUOTED_INCLUDE_IN_FRAMEWORK_HEADER = YES;
				CLANG_WARN_RANGE_LOOP_ANALYSIS = YES;
				CLANG_WARN_STRICT_PROTOTYPES = YES;
				CLANG_WARN_SUSPICIOUS_MOVE = YES;
				CLANG_WARN_UNGUARDED_AVAILABILITY = YES_AGGRESSIVE;
				CLANG_WARN_UNREACHABLE_CODE = YES;
				CLANG_WARN__DUPLICATE_METHOD_MATCH = YES;
				COPY_PHASE_STRIP = NO;
				DEBUG_INFORMATION_FORMAT = dwarf;
				ENABLE_STRICT_OBJC_MSGSEND = YES;
				ENABLE_TESTABILITY = YES;
				ENABLE_USER_SCRIPT_SANDBOXING = YES;
				GCC_C_LANGUAGE_STANDARD = gnu17;
				GCC_DYNAMIC_NO_PIC = NO;
				GCC_NO_COMMON_BLOCKS = YES;
				GCC_OPTIMIZATION_LEVEL = 0;
				GCC_PREPROCESSOR_DEFINITIONS = (
					"DEBUG=1",
					"$(inherited)",
				);
				GCC_WARN_64_TO_32_BIT_CONVERSION = YES;
				GCC_WARN_ABOUT_RETURN_TYPE = YES_ERROR;
				GCC_WARN_UNDECLARED_SELECTOR = YES;
				GCC_WARN_UNINITIALIZED_AUTOS = YES_AGGRESSIVE;
				GCC_WARN_UNUSED_FUNCTION = YES;
				GCC_WARN_UNUSED_VARIABLE = YES;
				IPHONEOS_DEPLOYMENT_TARGET = 18.2;
				LOCALIZATION_PREFERS_STRING_CATALOGS = YES;
				MTL_ENABLE_DEBUG_INFO = INCLUDE_SOURCE;
				MTL_FAST_MATH = YES;
				ONLY_ACTIVE_ARCH = YES;
				SDKROOT = iphoneos;
				SWIFT_ACTIVE_COMPILATION_CONDITIONS = "DEBUG $(inherited)";
				SWIFT_OPTIMIZATION_LEVEL = "-Onone";
			};
			name = Debug;
		};
		64FCF2432D6FBEA800D3751A /* Release */ = {
			isa = XCBuildConfiguration;
			buildSettings = {
				ALWAYS_SEARCH_USER_PATHS = NO;
				ASSETCATALOG_COMPILER_GENERATE_SWIFT_ASSET_SYMBOL_EXTENSIONS = YES;
				CLANG_ANALYZER_NONNULL = YES;
				CLANG_ANALYZER_NUMBER_OBJECT_CONVERSION = YES_AGGRESSIVE;
				CLANG_CXX_LANGUAGE_STANDARD = "gnu++20";
				CLANG_ENABLE_MODULES = YES;
				CLANG_ENABLE_OBJC_ARC = YES;
				CLANG_ENABLE_OBJC_WEAK = YES;
				CLANG_WARN_BLOCK_CAPTURE_AUTORELEASING = YES;
				CLANG_WARN_BOOL_CONVERSION = YES;
				CLANG_WARN_COMMA = YES;
				CLANG_WARN_CONSTANT_CONVERSION = YES;
				CLANG_WARN_DEPRECATED_OBJC_IMPLEMENTATIONS = YES;
				CLANG_WARN_DIRECT_OBJC_ISA_USAGE = YES_ERROR;
				CLANG_WARN_DOCUMENTATION_COMMENTS = YES;
				CLANG_WARN_EMPTY_BODY = YES;
				CLANG_WARN_ENUM_CONVERSION = YES;
				CLANG_WARN_INFINITE_RECURSION = YES;
				CLANG_WARN_INT_CONVERSION = YES;
				CLANG_WARN_NON_LITERAL_NULL_CONVERSION = YES;
				CLANG_WARN_OBJC_IMPLICIT_RETAIN_SELF = YES;
				CLANG_WARN_OBJC_LITERAL_CONVERSION = YES;
				CLANG_WARN_OBJC_ROOT_CLASS = YES_ERROR;
				CLANG_WARN_QUOTED_INCLUDE_IN_FRAMEWORK_HEADER = YES;
				CLANG_WARN_RANGE_LOOP_ANALYSIS = YES;
				CLANG_WARN_STRICT_PROTOTYPES = YES;
				CLANG_WARN_SUSPICIOUS_MOVE = YES;
				CLANG_WARN_UNGUARDED_AVAILABILITY = YES_AGGRESSIVE;
				CLANG_WARN_UNREACHABLE_CODE = YES;
				CLANG_WARN__DUPLICATE_METHOD_MATCH = YES;
				COPY_PHASE_STRIP = NO;
				DEBUG_INFORMATION_FORMAT = "dwarf-with-dsym";
				ENABLE_NS_ASSERTIONS = NO;
				ENABLE_STRICT_OBJC_MSGSEND = YES;
				ENABLE_USER_SCRIPT_SANDBOXING = YES;
				GCC_C_LANGUAGE_STANDARD = gnu17;
				GCC_NO_COMMON_BLOCKS = YES;
				GCC_WARN_64_TO_32_BIT_CONVERSION = YES;
				GCC_WARN_ABOUT_RETURN_TYPE = YES_ERROR;
				GCC_WARN_UNDECLARED_SELECTOR = YES;
				GCC_WARN_UNINITIALIZED_AUTOS = YES_AGGRESSIVE;
				GCC_WARN_UNUSED_FUNCTION = YES;
				GCC_WARN_UNUSED_VARIABLE = YES;
				IPHONEOS_DEPLOYMENT_TARGET = 18.2;
				LOCALIZATION_PREFERS_STRING_CATALOGS = YES;
				MTL_ENABLE_DEBUG_INFO = NO;
				MTL_FAST_MATH = YES;
				SDKROOT = iphoneos;
				SWIFT_COMPILATION_MODE = wholemodule;
				VALIDATE_PRODUCT = YES;
			};
			name = Release;
		};
		64FCF2452D6FBEA800D3751A /* Debug */ = {
			isa = XCBuildConfiguration;
			buildSettings = {
				ASSETCATALOG_COMPILER_APPICON_NAME = AppIcon;
				ASSETCATALOG_COMPILER_GLOBAL_ACCENT_COLOR_NAME = AccentColor;
				CODE_SIGN_STYLE = Automatic;
				CURRENT_PROJECT_VERSION = 1;
				DEVELOPMENT_ASSET_PATHS = "\"Riza/Preview Content\"";
				DEVELOPMENT_TEAM = 587VH2DFD2;
				ENABLE_PREVIEWS = YES;
				GENERATE_INFOPLIST_FILE = YES;
				INFOPLIST_KEY_UIApplicationSceneManifest_Generation = YES;
				INFOPLIST_KEY_UIApplicationSupportsIndirectInputEvents = YES;
				INFOPLIST_KEY_UILaunchScreen_Generation = YES;
				INFOPLIST_KEY_UISupportedInterfaceOrientations_iPad = "UIInterfaceOrientationPortrait UIInterfaceOrientationPortraitUpsideDown UIInterfaceOrientationLandscapeLeft UIInterfaceOrientationLandscapeRight";
				INFOPLIST_KEY_UISupportedInterfaceOrientations_iPhone = "UIInterfaceOrientationPortrait UIInterfaceOrientationLandscapeLeft UIInterfaceOrientationLandscapeRight";
				LD_RUNPATH_SEARCH_PATHS = (
					"$(inherited)",
					"@executable_path/Frameworks",
				);
				MARKETING_VERSION = 1.0;
				PRODUCT_BUNDLE_IDENTIFIER = com.sxoses.Riza;
				PRODUCT_NAME = "$(TARGET_NAME)";
				SWIFT_EMIT_LOC_STRINGS = YES;
				SWIFT_VERSION = 5.0;
				TARGETED_DEVICE_FAMILY = "1,2";
			};
			name = Debug;
		};
		64FCF2462D6FBEA800D3751A /* Release */ = {
			isa = XCBuildConfiguration;
			buildSettings = {
				ASSETCATALOG_COMPILER_APPICON_NAME = AppIcon;
				ASSETCATALOG_COMPILER_GLOBAL_ACCENT_COLOR_NAME = AccentColor;
				CODE_SIGN_STYLE = Automatic;
				CURRENT_PROJECT_VERSION = 1;
				DEVELOPMENT_ASSET_PATHS = "\"Riza/Preview Content\"";
				DEVELOPMENT_TEAM = 587VH2DFD2;
				ENABLE_PREVIEWS = YES;
				GENERATE_INFOPLIST_FILE = YES;
				INFOPLIST_KEY_UIApplicationSceneManifest_Generation = YES;
				INFOPLIST_KEY_UIApplicationSupportsIndirectInputEvents = YES;
				INFOPLIST_KEY_UILaunchScreen_Generation = YES;
				INFOPLIST_KEY_UISupportedInterfaceOrientations_iPad = "UIInterfaceOrientationPortrait UIInterfaceOrientationPortraitUpsideDown UIInterfaceOrientationLandscapeLeft UIInterfaceOrientationLandscapeRight";
				INFOPLIST_KEY_UISupportedInterfaceOrientations_iPhone = "UIInterfaceOrientationPortrait UIInterfaceOrientationLandscapeLeft UIInterfaceOrientationLandscapeRight";
				LD_RUNPATH_SEARCH_PATHS = (
					"$(inherited)",
					"@executable_path/Frameworks",
				);
				MARKETING_VERSION = 1.0;
				PRODUCT_BUNDLE_IDENTIFIER = com.sxoses.Riza;
				PRODUCT_NAME = "$(TARGET_NAME)";
				SWIFT_EMIT_LOC_STRINGS = YES;
				SWIFT_VERSION = 5.0;
				TARGETED_DEVICE_FAMILY = "1,2";
			};
			name = Release;
		};
		64FCF2482D6FBEA800D3751A /* Debug */ = {
			isa = XCBuildConfiguration;
			buildSettings = {
				BUNDLE_LOADER = "$(TEST_HOST)";
				CODE_SIGN_STYLE = Automatic;
				CURRENT_PROJECT_VERSION = 1;
				DEVELOPMENT_TEAM = 587VH2DFD2;
				GENERATE_INFOPLIST_FILE = YES;
				IPHONEOS_DEPLOYMENT_TARGET = 18.2;
				MARKETING_VERSION = 1.0;
				PRODUCT_BUNDLE_IDENTIFIER = com.sxoses.RizaTests;
				PRODUCT_NAME = "$(TARGET_NAME)";
				SWIFT_EMIT_LOC_STRINGS = NO;
				SWIFT_VERSION = 5.0;
				TARGETED_DEVICE_FAMILY = "1,2";
				TEST_HOST = "$(BUILT_PRODUCTS_DIR)/Riza.app/$(BUNDLE_EXECUTABLE_FOLDER_PATH)/Riza";
			};
			name = Debug;
		};
		64FCF2492D6FBEA800D3751A /* Release */ = {
			isa = XCBuildConfiguration;
			buildSettings = {
				BUNDLE_LOADER = "$(TEST_HOST)";
				CODE_SIGN_STYLE = Automatic;
				CURRENT_PROJECT_VERSION = 1;
				DEVELOPMENT_TEAM = 587VH2DFD2;
				GENERATE_INFOPLIST_FILE = YES;
				IPHONEOS_DEPLOYMENT_TARGET = 18.2;
				MARKETING_VERSION = 1.0;
				PRODUCT_BUNDLE_IDENTIFIER = com.sxoses.RizaTests;
				PRODUCT_NAME = "$(TARGET_NAME)";
				SWIFT_EMIT_LOC_STRINGS = NO;
				SWIFT_VERSION = 5.0;
				TARGETED_DEVICE_FAMILY = "1,2";
				TEST_HOST = "$(BUILT_PRODUCTS_DIR)/Riza.app/$(BUNDLE_EXECUTABLE_FOLDER_PATH)/Riza";
			};
			name = Release;
		};
		64FCF24B2D6FBEA800D3751A /* Debug */ = {
			isa = XCBuildConfiguration;
			buildSettings = {
				CODE_SIGN_STYLE = Automatic;
				CURRENT_PROJECT_VERSION = 1;
				DEVELOPMENT_TEAM = 587VH2DFD2;
				GENERATE_INFOPLIST_FILE = YES;
				MARKETING_VERSION = 1.0;
				PRODUCT_BUNDLE_IDENTIFIER = com.sxoses.RizaUITests;
				PRODUCT_NAME = "$(TARGET_NAME)";
				SWIFT_EMIT_LOC_STRINGS = NO;
				SWIFT_VERSION = 5.0;
				TARGETED_DEVICE_FAMILY = "1,2";
				TEST_TARGET_NAME = Riza;
			};
			name = Debug;
		};
		64FCF24C2D6FBEA800D3751A /* Release */ = {
			isa = XCBuildConfiguration;
			buildSettings = {
				CODE_SIGN_STYLE = Automatic;
				CURRENT_PROJECT_VERSION = 1;
				DEVELOPMENT_TEAM = 587VH2DFD2;
				GENERATE_INFOPLIST_FILE = YES;
				MARKETING_VERSION = 1.0;
				PRODUCT_BUNDLE_IDENTIFIER = com.sxoses.RizaUITests;
				PRODUCT_NAME = "$(TARGET_NAME)";
				SWIFT_EMIT_LOC_STRINGS = NO;
				SWIFT_VERSION = 5.0;
				TARGETED_DEVICE_FAMILY = "1,2";
				TEST_TARGET_NAME = Riza;
			};
			name = Release;
		};
/* End XCBuildConfiguration section */

/* Begin XCConfigurationList section */
		64FCF21B2D6FBEA700D3751A /* Build configuration list for PBXProject "Riza" */ = {
			isa = XCConfigurationList;
			buildConfigurations = (
				64FCF2422D6FBEA800D3751A /* Debug */,
				64FCF2432D6FBEA800D3751A /* Release */,
			);
			defaultConfigurationIsVisible = 0;
			defaultConfigurationName = Release;
		};
		64FCF2442D6FBEA800D3751A /* Build configuration list for PBXNativeTarget "Riza" */ = {
			isa = XCConfigurationList;
			buildConfigurations = (
				64FCF2452D6FBEA800D3751A /* Debug */,
				64FCF2462D6FBEA800D3751A /* Release */,
			);
			defaultConfigurationIsVisible = 0;
			defaultConfigurationName = Release;
		};
		64FCF2472D6FBEA800D3751A /* Build configuration list for PBXNativeTarget "RizaTests" */ = {
			isa = XCConfigurationList;
			buildConfigurations = (
				64FCF2482D6FBEA800D3751A /* Debug */,
				64FCF2492D6FBEA800D3751A /* Release */,
			);
			defaultConfigurationIsVisible = 0;
			defaultConfigurationName = Release;
		};
		64FCF24A2D6FBEA800D3751A /* Build configuration list for PBXNativeTarget "RizaUITests" */ = {
			isa = XCConfigurationList;
			buildConfigurations = (
				64FCF24B2D6FBEA800D3751A /* Debug */,
				64FCF24C2D6FBEA800D3751A /* Release */,
			);
			defaultConfigurationIsVisible = 0;
			defaultConfigurationName = Release;
		};
/* End XCConfigurationList section */
	};
	rootObject = 64FCF2182D6FBEA700D3751A /* Project object */;
}
